
Microsoft Visual Studio Solution File, Format Version 12.00
# Visual Studio Version 16
VisualStudioVersion = 16.0.30225.117
MinimumVisualStudioVersion = 10.0.40219.1
Project("{FAE04EC0-301F-11D3-BF4B-00C04F79EFBC}") = "Lab12-ClassUml", "Lab12-ClassUml.csproj", "{1ED9D402-E15D-4B3B-9EAB-68A553F86DAA}"
EndProject
Global
	GlobalSection(SolutionConfigurationPlatforms) = preSolution
		Debug|Any CPU = Debug|Any CPU
		Release|Any CPU = Release|Any CPU
	EndGlobalSection
	GlobalSection(ProjectConfigurationPlatforms) = postSolution
		{1ED9D402-E15D-4B3B-9EAB-68A553F86DAA}.Debug|Any CPU.ActiveCfg = Debug|Any CPU
		{1ED9D402-E15D-4B3B-9EAB-68A553F86DAA}.Debug|Any CPU.Build.0 = Debug|Any CPU
		{1ED9D402-E15D-4B3B-9EAB-68A553F86DAA}.Release|Any CPU.ActiveCfg = Release|Any CPU
		{1ED9D402-E15D-4B3B-9EAB-68A553F86DAA}.Release|Any CPU.Build.0 = Release|Any CPU
	EndGlobalSection
	GlobalSection(SolutionProperties) = preSolution
		HideSolutionNode = FALSE
	EndGlobalSection
	GlobalSection(ExtensibilityGlobals) = postSolution
		SolutionGuid = {F206C31B-54E1-4808-9295-D8937DD80FBB}
	EndGlobalSection
EndGlobal
